# This file is automatically @generated by Cargo.
# It is not intended for manual editing.
version = 4

[[package]]
name = "aho-corasick"
version = "0.7.20"
source = "registry+https://github.com/rust-lang/crates.io-index"
checksum = "cc936419f96fa211c1b9166887b38e5e40b19958e5b895be7c1f93adec7071ac"
dependencies = [
 "memchr",
]

[[package]]
name = "android-tzdata"
version = "0.1.1"
source = "registry+https://github.com/rust-lang/crates.io-index"
checksum = "e999941b234f3131b00bc13c22d06e8c5ff726d1b6318ac7eb276997bbb4fef0"

[[package]]
name = "android_system_properties"
version = "0.1.5"
source = "registry+https://github.com/rust-lang/crates.io-index"
checksum = "819e7219dbd41043ac279b19830f2efc897156490d7fd6ea916720117ee66311"
dependencies = [
 "libc",
]

[[package]]
name = "autocfg"
version = "1.1.0"
source = "registry+https://github.com/rust-lang/crates.io-index"
checksum = "d468802bab17cbc0cc575e9b053f41e72aa36bfa6b7f55e3529ffa43161b97fa"

[[package]]
name = "base64"
version = "0.22.1"
source = "registry+https://github.com/rust-lang/crates.io-index"
checksum = "72b3254f16251a8381aa12e40e3c4d2f0199f8c6508fbecb9d91f575e0fbb8c6"

[[package]]
name = "bech32"
version = "0.12.0"
source = "registry+https://github.com/rust-lang/crates.io-index"
checksum = "efbd3e1070bbdf4cd88a75264e18e8a26f7cb5c6949eadf0ceb85fb159cf08f8"

[[package]]
name = "block-buffer"
version = "0.10.4"
source = "registry+https://github.com/rust-lang/crates.io-index"
checksum = "3078c7629b62d3f0439517fa394996acacc5cbc91c5a20d8c658e77abd503a71"
dependencies = [
 "generic-array",
]

[[package]]
name = "bumpalo"
version = "3.12.0"
source = "registry+https://github.com/rust-lang/crates.io-index"
checksum = "0d261e256854913907f67ed06efbc3338dfe6179796deefc1ff763fc1aee5535"

[[package]]
name = "cardano-multiplatform-lib"
version = "6.2.0"
dependencies = [
 "cbor_event",
 "cml-chain-wasm",
 "cml-cip25-wasm",
 "cml-cip36-wasm",
 "cml-core-wasm",
 "cml-crypto-wasm",
 "hex",
 "linked-hash-map",
 "serde-wasm-bindgen",
 "serde_json",
 "wasm-bindgen",
]

[[package]]
name = "cardano-multiplatform-lib-json-schema-gen"
version = "0.0.1"
dependencies = [
 "cml-chain-json-schema-gen",
 "cml-cip25-json-schema-gen",
 "cml-cip36-json-schema-gen",
 "schemars",
 "serde_json",
]

[[package]]
name = "cbor_event"
version = "2.4.0"
source = "registry+https://github.com/rust-lang/crates.io-index"
checksum = "089a0261d1bc59e54e8e11860031efd88593f0e61b921172c474f1f38c2f2d3c"

[[package]]
name = "cc"
version = "1.0.98"
source = "registry+https://github.com/rust-lang/crates.io-index"
checksum = "41c270e7540d725e65ac7f1b212ac8ce349719624d7bcff99f8e2e488e8cf03f"

[[package]]
name = "cfg-if"
version = "1.0.0"
source = "registry+https://github.com/rust-lang/crates.io-index"
checksum = "baf1de4339761588bc0619e3cbc0120ee582ebb74b53b4efbf79117bd2da40fd"

[[package]]
name = "chrono"
version = "0.4.38"
source = "registry+https://github.com/rust-lang/crates.io-index"
checksum = "a21f936df1771bf62b77f047b726c4625ff2e8aa607c01ec06e5a05bd8463401"
dependencies = [
 "android-tzdata",
 "iana-time-zone",
 "js-sys",
 "num-traits",
 "wasm-bindgen",
 "windows-targets",
]

[[package]]
name = "cml-chain"
version = "6.2.0"
dependencies = [
 "base64",
 "bech32",
 "cbor_event",
 "chrono",
 "cml-core",
 "cml-crypto",
 "derivative",
 "flaky_test",
 "fraction",
 "getrandom 0.2.8",
 "hex",
 "itertools",
 "linked-hash-map",
 "noop_proc_macro",
 "num",
 "num-bigint",
 "num-integer",
 "quickcheck",
 "quickcheck_macros",
 "rand 0.8.5",
 "rand_chacha 0.3.1",
 "schemars",
 "serde",
 "serde_json",
 "thiserror",
 "unicode-segmentation",
 "wasm-bindgen",
]

[[package]]
name = "cml-chain-json-schema-gen"
version = "6.2.0"
dependencies = [
 "cml-chain",
 "cml-crypto",
 "schemars",
 "serde_json",
]

[[package]]
name = "cml-chain-wasm"
version = "6.2.0"
dependencies = [
 "cbor_event",
 "cml-chain",
 "cml-core",
 "cml-core-wasm",
 "cml-crypto",
 "cml-crypto-wasm",
 "hex",
 "linked-hash-map",
 "serde-wasm-bindgen",
 "serde_json",
 "wasm-bindgen",
]

[[package]]
name = "cml-cip25"
version = "6.2.0"
dependencies = [
 "cbor_event",
 "cml-chain",
 "cml-core",
 "cml-crypto",
 "hex",
 "schemars",
 "serde",
 "serde_json",
 "thiserror",
 "wasm-bindgen",
]

[[package]]
name = "cml-cip25-json-schema-gen"
version = "6.2.0"
dependencies = [
 "cml-cip25",
 "schemars",
 "serde_json",
]

[[package]]
name = "cml-cip25-wasm"
version = "6.2.0"
dependencies = [
 "cbor_event",
 "cml-chain",
 "cml-chain-wasm",
 "cml-cip25",
 "cml-core",
 "cml-core-wasm",
 "hex",
 "linked-hash-map",
 "serde-wasm-bindgen",
 "serde_json",
 "wasm-bindgen",
]

[[package]]
name = "cml-cip36"
version = "6.2.0"
dependencies = [
 "cbor_event",
 "cml-chain",
 "cml-core",
 "cml-crypto",
 "derivative",
 "hex",
 "linked-hash-map",
 "schemars",
 "serde",
 "serde_json",
 "thiserror",
]

[[package]]
name = "cml-cip36-json-schema-gen"
version = "6.2.0"
dependencies = [
 "cml-cip36",
 "schemars",
 "serde_json",
]

[[package]]
name = "cml-cip36-wasm"
version = "6.2.0"
dependencies = [
 "cbor_event",
 "cml-chain",
 "cml-chain-wasm",
 "cml-cip36",
 "cml-core",
 "cml-core-wasm",
 "cml-crypto",
 "cml-crypto-wasm",
 "hex",
 "linked-hash-map",
 "serde-wasm-bindgen",
 "serde_json",
 "wasm-bindgen",
]

[[package]]
name = "cml-core"
version = "6.2.0"
dependencies = [
 "base64",
 "bech32",
 "cbor_event",
 "cfg-if",
 "derivative",
 "fraction",
 "getrandom 0.2.8",
 "hex",
 "itertools",
 "linked-hash-map",
 "num-bigint",
 "num-integer",
 "quickcheck",
 "quickcheck_macros",
 "rand 0.8.5",
 "rand_chacha 0.3.1",
 "schemars",
 "serde",
 "serde_json",
 "thiserror",
]

[[package]]
name = "cml-core-wasm"
version = "6.2.0"
dependencies = [
 "cbor_event",
 "cml-core",
 "hex",
 "linked-hash-map",
 "serde-wasm-bindgen",
 "serde_json",
 "wasm-bindgen",
]

[[package]]
name = "cml-crypto"
version = "6.2.0"
dependencies = [
 "base64",
 "bech32",
 "cbor_event",
 "cfg-if",
 "cml-core",
 "cryptoxide",
 "derivative",
 "digest",
 "ed25519-bip32",
 "hex",
 "quickcheck",
 "quickcheck_macros",
 "rand 0.8.5",
 "rand_chacha 0.3.1",
 "schemars",
 "serde",
 "serde_json",
 "sha2",
 "thiserror",
]

[[package]]
name = "cml-crypto-wasm"
version = "6.2.0"
dependencies = [
 "cbor_event",
 "cml-core-wasm",
 "cml-crypto",
 "linked-hash-map",
 "serde_json",
 "wasm-bindgen",
]

[[package]]
name = "cml-multi-era"
version = "6.2.0"
dependencies = [
 "bech32",
 "cbor_event",
 "cml-chain",
 "cml-core",
 "cml-crypto",
 "derivative",
 "hex",
 "linked-hash-map",
 "noop_proc_macro",
 "schemars",
 "serde",
 "serde_json",
 "wasm-bindgen",
]

[[package]]
name = "cml-multi-era-json-schema-gen"
version = "6.2.0"
dependencies = [
 "cml-chain-json-schema-gen",
 "cml-multi-era",
 "schemars",
 "serde_json",
]

[[package]]
name = "cml-multi-era-wasm"
version = "6.2.0"
dependencies = [
 "cbor_event",
 "cml-chain",
 "cml-chain-wasm",
 "cml-cip25-wasm",
 "cml-cip36-wasm",
 "cml-core",
 "cml-core-wasm",
 "cml-crypto",
 "cml-crypto-wasm",
 "cml-multi-era",
 "hex",
 "linked-hash-map",
 "serde-wasm-bindgen",
 "serde_json",
 "wasm-bindgen",
]

[[package]]
name = "core-foundation-sys"
version = "0.8.6"
source = "registry+https://github.com/rust-lang/crates.io-index"
checksum = "06ea2b9bc92be3c2baa9334a323ebca2d6f074ff852cd1d7b11064035cd3868f"

[[package]]
name = "cpufeatures"
version = "0.2.5"
source = "registry+https://github.com/rust-lang/crates.io-index"
checksum = "28d997bd5e24a5928dd43e46dc529867e207907fe0b239c3477d924f7f2ca320"
dependencies = [
 "libc",
]

[[package]]
name = "crypto-common"
version = "0.1.7"
source = "registry+https://github.com/rust-lang/crates.io-index"
checksum = "78c8292055d1c1df0cce5d180393dc8cce0abec0a7102adb6c7b1eef6016d60a"
dependencies = [
 "generic-array",
 "typenum",
]

[[package]]
name = "cryptoxide"
version = "0.4.2"
source = "registry+https://github.com/rust-lang/crates.io-index"
checksum = "129eabb7b0b78644a3a7e7cf220714aba47463bb281f69fa7a71ca5d12564cca"

[[package]]
name = "derivative"
version = "2.2.0"
source = "registry+https://github.com/rust-lang/crates.io-index"
checksum = "fcc3dd5e9e9c0b295d6e1e4d811fb6f157d5ffd784b8d202fc62eac8035a770b"
dependencies = [
 "proc-macro2",
 "quote",
 "syn 1.0.107",
]

[[package]]
name = "digest"
version = "0.10.7"
source = "registry+https://github.com/rust-lang/crates.io-index"
checksum = "9ed9a281f7bc9b7576e61468ba615a66a5c8cfdff42420a70aa82701a3b1e292"
dependencies = [
 "block-buffer",
 "crypto-common",
]

[[package]]
name = "dyn-clone"
version = "1.0.10"
source = "registry+https://github.com/rust-lang/crates.io-index"
checksum = "c9b0705efd4599c15a38151f4721f7bc388306f61084d3bfd50bd07fbca5cb60"

[[package]]
name = "ed25519-bip32"
version = "0.4.1"
source = "registry+https://github.com/rust-lang/crates.io-index"
checksum = "cb588f93c0d91b2f668849fd6d030cddb0b2e31f105963be189da5acdf492a21"
dependencies = [
 "cryptoxide",
]

[[package]]
name = "either"
version = "1.8.1"
source = "registry+https://github.com/rust-lang/crates.io-index"
checksum = "7fcaabb2fef8c910e7f4c7ce9f67a1283a1715879a7c230ca9d6d1ae31f16d91"

[[package]]
name = "env_logger"
version = "0.7.1"
source = "registry+https://github.com/rust-lang/crates.io-index"
checksum = "44533bbbb3bb3c1fa17d9f2e4e38bbbaf8396ba82193c4cb1b6445d711445d36"
dependencies = [
 "log",
 "regex",
]

[[package]]
name = "flaky_test"
version = "0.1.0"
source = "registry+https://github.com/rust-lang/crates.io-index"
checksum = "479cde5eb168cf5a056dd98f311cbfab7494c216394e4fb9eba0336827a8db93"
dependencies = [
 "proc-macro2",
 "quote",
 "syn 1.0.107",
]

[[package]]
name = "fraction"
version = "0.15.4"
source = "registry+https://github.com/rust-lang/crates.io-index"
checksum = "e076045bb43dac435333ed5f04caf35c7463631d0dae2deb2638d94dd0a5b872"
dependencies = [
 "lazy_static",
 "num",
]

[[package]]
name = "generic-array"
version = "0.14.7"
source = "registry+https://github.com/rust-lang/crates.io-index"
checksum = "85649ca51fd72272d7821adaf274ad91c288277713d9c18820d8499a7ff69e9a"
dependencies = [
 "typenum",
 "version_check",
]

[[package]]
name = "getrandom"
version = "0.1.16"
source = "registry+https://github.com/rust-lang/crates.io-index"
checksum = "8fc3cb4d91f53b50155bdcfd23f6a4c39ae1969c2ae85982b135750cccaf5fce"
dependencies = [
 "cfg-if",
 "libc",
 "wasi 0.9.0+wasi-snapshot-preview1",
]

[[package]]
name = "getrandom"
version = "0.2.8"
source = "registry+https://github.com/rust-lang/crates.io-index"
checksum = "c05aeb6a22b8f62540c194aac980f2115af067bfe15a0734d7277a768d396b31"
dependencies = [
 "cfg-if",
 "js-sys",
 "libc",
 "wasi 0.11.0+wasi-snapshot-preview1",
 "wasm-bindgen",
]

[[package]]
name = "hex"
version = "0.4.3"
source = "registry+https://github.com/rust-lang/crates.io-index"
checksum = "7f24254aa9a54b5c858eaee2f5bccdb46aaf0e486a595ed5fd8f86ba55232a70"

[[package]]
name = "iana-time-zone"
version = "0.1.60"
source = "registry+https://github.com/rust-lang/crates.io-index"
checksum = "e7ffbb5a1b541ea2561f8c41c087286cc091e21e556a4f09a8f6cbf17b69b141"
dependencies = [
 "android_system_properties",
 "core-foundation-sys",
 "iana-time-zone-haiku",
 "js-sys",
 "wasm-bindgen",
 "windows-core",
]

[[package]]
name = "iana-time-zone-haiku"
version = "0.1.2"
source = "registry+https://github.com/rust-lang/crates.io-index"
checksum = "f31827a206f56af32e590ba56d5d2d085f558508192593743f16b2306495269f"
dependencies = [
 "cc",
]

[[package]]
name = "itertools"
version = "0.14.0"
source = "registry+https://github.com/rust-lang/crates.io-index"
checksum = "2b192c782037fadd9cfa75548310488aabdbf3d2da73885b31bd0abd03351285"
dependencies = [
 "either",
]

[[package]]
name = "itoa"
version = "1.0.5"
source = "registry+https://github.com/rust-lang/crates.io-index"
checksum = "fad582f4b9e86b6caa621cabeb0963332d92eea04729ab12892c2533951e6440"

[[package]]
name = "js-sys"
version = "0.3.60"
source = "registry+https://github.com/rust-lang/crates.io-index"
checksum = "49409df3e3bf0856b916e2ceaca09ee28e6871cf7d9ce97a692cacfdb2a25a47"
dependencies = [
 "wasm-bindgen",
]

[[package]]
name = "lazy_static"
version = "1.4.0"
source = "registry+https://github.com/rust-lang/crates.io-index"
checksum = "e2abad23fbc42b3700f2f279844dc832adb2b2eb069b2df918f455c4e18cc646"

[[package]]
name = "libc"
version = "0.2.139"
source = "registry+https://github.com/rust-lang/crates.io-index"
checksum = "201de327520df007757c1f0adce6e827fe8562fbc28bfd9c15571c66ca1f5f79"

[[package]]
name = "linked-hash-map"
version = "0.5.6"
source = "registry+https://github.com/rust-lang/crates.io-index"
checksum = "0717cef1bc8b636c6e1c1bbdefc09e6322da8a9321966e8928ef80d20f7f770f"

[[package]]
name = "log"
version = "0.4.17"
source = "registry+https://github.com/rust-lang/crates.io-index"
checksum = "abb12e687cfb44aa40f41fc3978ef76448f9b6038cad6aef4259d3c095a2382e"
dependencies = [
 "cfg-if",
]

[[package]]
name = "memchr"
version = "2.5.0"
source = "registry+https://github.com/rust-lang/crates.io-index"
checksum = "2dffe52ecf27772e601905b7522cb4ef790d2cc203488bbd0e2fe85fcb74566d"

[[package]]
name = "noop_proc_macro"
version = "0.3.0"
source = "registry+https://github.com/rust-lang/crates.io-index"
checksum = "0676bb32a98c1a483ce53e500a81ad9c3d5b3f7c920c28c24e9cb0980d0b5bc8"

[[package]]
name = "num"
version = "0.4.3"
source = "registry+https://github.com/rust-lang/crates.io-index"
checksum = "35bd024e8b2ff75562e5f34e7f4905839deb4b22955ef5e73d2fea1b9813cb23"
dependencies = [
 "num-bigint",
 "num-complex",
 "num-integer",
 "num-iter",
 "num-rational",
 "num-traits",
]

[[package]]
name = "num-bigint"
version = "0.4.6"
source = "registry+https://github.com/rust-lang/crates.io-index"
checksum = "a5e44f723f1133c9deac646763579fdb3ac745e418f2a7af9cd0c431da1f20b9"
dependencies = [
 "num-integer",
 "num-traits",
]

[[package]]
name = "num-complex"
version = "0.4.6"
source = "registry+https://github.com/rust-lang/crates.io-index"
checksum = "73f88a1307638156682bada9d7604135552957b7818057dcef22705b4d509495"
dependencies = [
 "num-traits",
]

[[package]]
name = "num-integer"
version = "0.1.46"
source = "registry+https://github.com/rust-lang/crates.io-index"
checksum = "7969661fd2958a5cb096e56c8e1ad0444ac2bbcd0061bd28660485a44879858f"
dependencies = [
 "num-traits",
]

[[package]]
name = "num-iter"
version = "0.1.45"
source = "registry+https://github.com/rust-lang/crates.io-index"
checksum = "1429034a0490724d0075ebb2bc9e875d6503c3cf69e235a8941aa757d83ef5bf"
dependencies = [
 "autocfg",
 "num-integer",
 "num-traits",
]

[[package]]
name = "num-rational"
version = "0.4.2"
source = "registry+https://github.com/rust-lang/crates.io-index"
checksum = "f83d14da390562dca69fc84082e73e548e1ad308d24accdedd2720017cb37824"
dependencies = [
 "num-bigint",
 "num-integer",
 "num-traits",
]

[[package]]
name = "num-traits"
version = "0.2.19"
source = "registry+https://github.com/rust-lang/crates.io-index"
checksum = "071dfc062690e90b734c0b2273ce72ad0ffa95f0c74596bc250dcfd960262841"
dependencies = [
 "autocfg",
]

[[package]]
name = "once_cell"
version = "1.17.0"
source = "registry+https://github.com/rust-lang/crates.io-index"
checksum = "6f61fba1741ea2b3d6a1e3178721804bb716a68a6aeba1149b5d52e3d464ea66"

[[package]]
name = "ppv-lite86"
version = "0.2.17"
source = "registry+https://github.com/rust-lang/crates.io-index"
checksum = "5b40af805b3121feab8a3c29f04d8ad262fa8e0561883e7653e024ae4479e6de"

[[package]]
name = "proc-macro2"
version = "1.0.86"
source = "registry+https://github.com/rust-lang/crates.io-index"
checksum = "5e719e8df665df0d1c8fbfd238015744736151d4445ec0836b8e628aae103b77"
dependencies = [
 "unicode-ident",
]

[[package]]
name = "quickcheck"
version = "0.9.2"
source = "registry+https://github.com/rust-lang/crates.io-index"
checksum = "a44883e74aa97ad63db83c4bf8ca490f02b2fc02f92575e720c8551e843c945f"
dependencies = [
 "env_logger",
 "log",
 "rand 0.7.3",
 "rand_core 0.5.1",
]

[[package]]
name = "quickcheck_macros"
version = "0.9.1"
source = "registry+https://github.com/rust-lang/crates.io-index"
checksum = "608c156fd8e97febc07dc9c2e2c80bf74cfc6ef26893eae3daf8bc2bc94a4b7f"
dependencies = [
 "proc-macro2",
 "quote",
 "syn 1.0.107",
]

[[package]]
name = "quote"
version = "1.0.37"
source = "registry+https://github.com/rust-lang/crates.io-index"
checksum = "b5b9d34b8991d19d98081b46eacdd8eb58c6f2b201139f7c5f643cc155a633af"
dependencies = [
 "proc-macro2",
]

[[package]]
name = "rand"
version = "0.7.3"
source = "registry+https://github.com/rust-lang/crates.io-index"
checksum = "6a6b1679d49b24bbfe0c803429aa1874472f50d9b363131f0e89fc356b544d03"
dependencies = [
 "getrandom 0.1.16",
 "libc",
 "rand_chacha 0.2.2",
 "rand_core 0.5.1",
 "rand_hc",
]

[[package]]
name = "rand"
version = "0.8.5"
source = "registry+https://github.com/rust-lang/crates.io-index"
checksum = "34af8d1a0e25924bc5b7c43c079c942339d8f0a8b57c39049bef581b46327404"
dependencies = [
 "libc",
 "rand_chacha 0.3.1",
 "rand_core 0.6.4",
]

[[package]]
name = "rand_chacha"
version = "0.2.2"
source = "registry+https://github.com/rust-lang/crates.io-index"
checksum = "f4c8ed856279c9737206bf725bf36935d8666ead7aa69b52be55af369d193402"
dependencies = [
 "ppv-lite86",
 "rand_core 0.5.1",
]

[[package]]
name = "rand_chacha"
version = "0.3.1"
source = "registry+https://github.com/rust-lang/crates.io-index"
checksum = "e6c10a63a0fa32252be49d21e7709d4d4baf8d231c2dbce1eaa8141b9b127d88"
dependencies = [
 "ppv-lite86",
 "rand_core 0.6.4",
]

[[package]]
name = "rand_core"
version = "0.5.1"
source = "registry+https://github.com/rust-lang/crates.io-index"
checksum = "90bde5296fc891b0cef12a6d03ddccc162ce7b2aff54160af9338f8d40df6d19"
dependencies = [
 "getrandom 0.1.16",
]

[[package]]
name = "rand_core"
version = "0.6.4"
source = "registry+https://github.com/rust-lang/crates.io-index"
checksum = "ec0be4795e2f6a28069bec0b5ff3e2ac9bafc99e6a9a7dc3547996c5c816922c"
dependencies = [
 "getrandom 0.2.8",
]

[[package]]
name = "rand_hc"
version = "0.2.0"
source = "registry+https://github.com/rust-lang/crates.io-index"
checksum = "ca3129af7b92a17112d59ad498c6f81eaf463253766b90396d39ea7a39d6613c"
dependencies = [
 "rand_core 0.5.1",
]

[[package]]
name = "regex"
version = "1.7.1"
source = "registry+https://github.com/rust-lang/crates.io-index"
checksum = "48aaa5748ba571fb95cd2c85c09f629215d3a6ece942baa100950af03a34f733"
dependencies = [
 "aho-corasick",
 "memchr",
 "regex-syntax",
]

[[package]]
name = "regex-syntax"
version = "0.6.28"
source = "registry+https://github.com/rust-lang/crates.io-index"
checksum = "456c603be3e8d448b072f410900c09faf164fbce2d480456f50eea6e25f9c848"

[[package]]
name = "ryu"
version = "1.0.12"
source = "registry+https://github.com/rust-lang/crates.io-index"
checksum = "7b4b9743ed687d4b4bcedf9ff5eaa7398495ae14e61cba0a295704edbc7decde"

[[package]]
name = "schemars"
version = "0.8.22"
source = "registry+https://github.com/rust-lang/crates.io-index"
checksum = "3fbf2ae1b8bc8e02df939598064d22402220cd5bbcca1c76f7d6a310974d5615"
dependencies = [
 "dyn-clone",
 "schemars_derive",
 "serde",
 "serde_json",
]

[[package]]
name = "schemars_derive"
version = "0.8.22"
source = "registry+https://github.com/rust-lang/crates.io-index"
checksum = "32e265784ad618884abaea0600a9adf15393368d840e0222d101a072f3f7534d"
dependencies = [
 "proc-macro2",
 "quote",
 "serde_derive_internals",
 "syn 2.0.87",
]

[[package]]
name = "serde"
version = "1.0.152"
source = "registry+https://github.com/rust-lang/crates.io-index"
checksum = "bb7d1f0d3021d347a83e556fc4683dea2ea09d87bccdf88ff5c12545d89d5efb"
dependencies = [
 "serde_derive",
]

[[package]]
name = "serde-wasm-bindgen"
version = "0.4.5"
source = "registry+https://github.com/rust-lang/crates.io-index"
checksum = "e3b4c031cd0d9014307d82b8abf653c0290fbdaeb4c02d00c63cf52f728628bf"
dependencies = [
 "js-sys",
 "serde",
 "wasm-bindgen",
]

[[package]]
name = "serde_derive"
version = "1.0.152"
source = "registry+https://github.com/rust-lang/crates.io-index"
checksum = "af487d118eecd09402d70a5d72551860e788df87b464af30e5ea6a38c75c541e"
dependencies = [
 "proc-macro2",
 "quote",
 "syn 1.0.107",
]

[[package]]
name = "serde_derive_internals"
version = "0.29.1"
source = "registry+https://github.com/rust-lang/crates.io-index"
checksum = "18d26a20a969b9e3fdf2fc2d9f21eda6c40e2de84c9408bb5d3b05d499aae711"
dependencies = [
 "proc-macro2",
 "quote",
 "syn 2.0.87",
]

[[package]]
name = "serde_json"
version = "1.0.91"
source = "registry+https://github.com/rust-lang/crates.io-index"
checksum = "877c235533714907a8c2464236f5c4b2a17262ef1bd71f38f35ea592c8da6883"
dependencies = [
 "itoa",
 "ryu",
 "serde",
]

[[package]]
name = "sha2"
version = "0.10.9"
source = "registry+https://github.com/rust-lang/crates.io-index"
checksum = "a7507d819769d01a365ab707794a4084392c824f54a7a6a7862f8c3d0892b283"
dependencies = [
 "cfg-if",
 "cpufeatures",
 "digest",
]

[[package]]
name = "syn"
version = "1.0.107"
source = "registry+https://github.com/rust-lang/crates.io-index"
checksum = "1f4064b5b16e03ae50984a5a8ed5d4f8803e6bc1fd170a3cda91a1be4b18e3f5"
dependencies = [
 "proc-macro2",
 "quote",
 "unicode-ident",
]

[[package]]
name = "syn"
version = "2.0.87"
source = "registry+https://github.com/rust-lang/crates.io-index"
checksum = "25aa4ce346d03a6dcd68dd8b4010bcb74e54e62c90c573f394c46eae99aba32d"
dependencies = [
 "proc-macro2",
 "quote",
 "unicode-ident",
]

[[package]]
name = "thiserror"
version = "2.0.18"
source = "registry+https://github.com/rust-lang/crates.io-index"
checksum = "4288b5bcbc7920c07a1149a35cf9590a2aa808e0bc1eafaade0b80947865fbc4"
dependencies = [
 "thiserror-impl",
]

[[package]]
name = "thiserror-impl"
version = "2.0.18"
source = "registry+https://github.com/rust-lang/crates.io-index"
checksum = "ebc4ee7f67670e9b64d05fa4253e753e016c6c95ff35b89b7941d6b856dec1d5"
dependencies = [
 "proc-macro2",
 "quote",
 "syn 2.0.87",
]

[[package]]
name = "typenum"
version = "1.16.0"
source = "registry+https://github.com/rust-lang/crates.io-index"
checksum = "497961ef93d974e23eb6f433eb5fe1b7930b659f06d12dec6fc44a8f554c0bba"

[[package]]
name = "unicode-ident"
version = "1.0.6"
source = "registry+https://github.com/rust-lang/crates.io-index"
checksum = "84a22b9f218b40614adcb3f4ff08b703773ad44fa9423e4e0d346d5db86e4ebc"

[[package]]
name = "unicode-segmentation"
version = "1.10.1"
source = "registry+https://github.com/rust-lang/crates.io-index"
checksum = "1dd624098567895118886609431a7c3b8f516e41d30e0643f03d94592a147e36"

[[package]]
name = "version_check"
version = "0.9.4"
source = "registry+https://github.com/rust-lang/crates.io-index"
checksum = "49874b5167b65d7193b8aba1567f5c7d93d001cafc34600cee003eda787e483f"

[[package]]
name = "wasi"
version = "0.9.0+wasi-snapshot-preview1"
source = "registry+https://github.com/rust-lang/crates.io-index"
checksum = "cccddf32554fecc6acb585f82a32a72e28b48f8c4c1883ddfeeeaa96f7d8e519"

[[package]]
name = "wasi"
version = "0.11.0+wasi-snapshot-preview1"
source = "registry+https://github.com/rust-lang/crates.io-index"
checksum = "9c8d87e72b64a3b4db28d11ce29237c246188f4f51057d65a7eab63b7987e423"

[[package]]
name = "wasm-bindgen"
version = "0.2.93"
source = "registry+https://github.com/rust-lang/crates.io-index"
checksum = "a82edfc16a6c469f5f44dc7b571814045d60404b55a0ee849f9bcfa2e63dd9b5"
dependencies = [
 "cfg-if",
 "once_cell",
 "wasm-bindgen-macro",
]

[[package]]
name = "wasm-bindgen-backend"
version = "0.2.93"
source = "registry+https://github.com/rust-lang/crates.io-index"
checksum = "9de396da306523044d3302746f1208fa71d7532227f15e347e2d93e4145dd77b"
dependencies = [
 "bumpalo",
 "log",
 "once_cell",
 "proc-macro2",
 "quote",
 "syn 2.0.87",
 "wasm-bindgen-shared",
]

[[package]]
name = "wasm-bindgen-macro"
version = "0.2.93"
source = "registry+https://github.com/rust-lang/crates.io-index"
checksum = "585c4c91a46b072c92e908d99cb1dcdf95c5218eeb6f3bf1efa991ee7a68cccf"
dependencies = [
 "quote",
 "wasm-bindgen-macro-support",
]

[[package]]
name = "wasm-bindgen-macro-support"
version = "0.2.93"
source = "registry+https://github.com/rust-lang/crates.io-index"
checksum = "afc340c74d9005395cf9dd098506f7f44e38f2b4a21c6aaacf9a105ea5e1e836"
dependencies = [
 "proc-macro2",
 "quote",
 "syn 2.0.87",
 "wasm-bindgen-backend",
 "wasm-bindgen-shared",
]

[[package]]
name = "wasm-bindgen-shared"
version = "0.2.93"
source = "registry+https://github.com/rust-lang/crates.io-index"
checksum = "c62a0a307cb4a311d3a07867860911ca130c3494e8c2719593806c08bc5d0484"

[[package]]
name = "windows-core"
version = "0.52.0"
source = "registry+https://github.com/rust-lang/crates.io-index"
checksum = "33ab640c8d7e35bf8ba19b884ba838ceb4fba93a4e8c65a9059d08afcfc683d9"
dependencies = [
 "windows-targets",
]

[[package]]
name = "windows-targets"
version = "0.52.5"
source = "registry+https://github.com/rust-lang/crates.io-index"
checksum = "6f0713a46559409d202e70e28227288446bf7841d3211583a4b53e3f6d96e7eb"
dependencies = [
 "windows_aarch64_gnullvm",
 "windows_aarch64_msvc",
 "windows_i686_gnu",
 "windows_i686_gnullvm",
 "windows_i686_msvc",
 "windows_x86_64_gnu",
 "windows_x86_64_gnullvm",
 "windows_x86_64_msvc",
]

[[package]]
name = "windows_aarch64_gnullvm"
version = "0.52.5"
source = "registry+https://github.com/rust-lang/crates.io-index"
checksum = "7088eed71e8b8dda258ecc8bac5fb1153c5cffaf2578fc8ff5d61e23578d3263"

[[package]]
name = "windows_aarch64_msvc"
version = "0.52.5"
source = "registry+https://github.com/rust-lang/crates.io-index"
checksum = "9985fd1504e250c615ca5f281c3f7a6da76213ebd5ccc9561496568a2752afb6"

[[package]]
name = "windows_i686_gnu"
version = "0.52.5"
source = "registry+https://github.com/rust-lang/crates.io-index"
checksum = "88ba073cf16d5372720ec942a8ccbf61626074c6d4dd2e745299726ce8b89670"

[[package]]
name = "windows_i686_gnullvm"
version = "0.52.5"
source = "registry+https://github.com/rust-lang/crates.io-index"
checksum = "87f4261229030a858f36b459e748ae97545d6f1ec60e5e0d6a3d32e0dc232ee9"

[[package]]
name = "windows_i686_msvc"
version = "0.52.5"
source = "registry+https://github.com/rust-lang/crates.io-index"
checksum = "db3c2bf3d13d5b658be73463284eaf12830ac9a26a90c717b7f771dfe97487bf"

[[package]]
name = "windows_x86_64_gnu"
version = "0.52.5"
source = "registry+https://github.com/rust-lang/crates.io-index"
checksum = "4e4246f76bdeff09eb48875a0fd3e2af6aada79d409d33011886d3e1581517d9"

[[package]]
name = "windows_x86_64_gnullvm"
version = "0.52.5"
source = "registry+https://github.com/rust-lang/crates.io-index"
checksum = "852298e482cd67c356ddd9570386e2862b5673c85bd5f88df9ab6802b334c596"

[[package]]
name = "windows_x86_64_msvc"
version = "0.52.5"
source = "registry+https://github.com/rust-lang/crates.io-index"
checksum = "bec47e5bfd1bff0eeaf6d8b485cc1074891a197ab4225d504cb7a1ab88b02bf0"
